
Microsoft Visual Studio Solution File, Format Version 12.00
# Visual Studio Version 17
VisualStudioVersion = 17.10.35013.160
MinimumVisualStudioVersion = 10.0.40219.1
Project("{FAE04EC0-301F-11D3-BF4B-00C04F79EFBC}") = "BoxingUnboxingApp", "BoxingUnboxingApp.csproj", "{DDA39309-AB36-4FB2-96E7-2340065249F4}"
EndProject
Global
	GlobalSection(SolutionConfigurationPlatforms) = preSolution
		Debug|Any CPU = Debug|Any CPU
		Release|Any CPU = Release|Any CPU
	EndGlobalSection
	GlobalSection(ProjectConfigurationPlatforms) = postSolution
		{DDA39309-AB36-4FB2-96E7-2340065249F4}.Debug|Any CPU.ActiveCfg = Debug|Any CPU
		{DDA39309-AB36-4FB2-96E7-2340065249F4}.Debug|Any CPU.Build.0 = Debug|Any CPU
		{DDA39309-AB36-4FB2-96E7-2340065249F4}.Release|Any CPU.ActiveCfg = Release|Any CPU
		{DDA39309-AB36-4FB2-96E7-2340065249F4}.Release|Any CPU.Build.0 = Release|Any CPU
	EndGlobalSection
	GlobalSection(SolutionProperties) = preSolution
		HideSolutionNode = FALSE
	EndGlobalSection
	GlobalSection(ExtensibilityGlobals) = postSolution
		SolutionGuid = {167152DD-CA7A-4418-9722-30B49E56CB3C}
	EndGlobalSection
EndGlobal
